
Microsoft Visual Studio Solution File, Format Version 12.00
# Visual Studio Version 16
VisualStudioVersion = 16.0.29926.136
MinimumVisualStudioVersion = 10.0.40219.1
Project("{FAE04EC0-301F-11D3-BF4B-00C04F79EFBC}") = "QuanLyquanCaFe", "WindowsFormsApp1\QuanLyquanCaFe.csproj", "{12E33E15-D125-4F00-ACFE-5156A0C6A40F}"
EndProject
Global
	GlobalSection(SolutionConfigurationPlatforms) = preSolution
		Debug|Any CPU = Debug|Any CPU
		Release|Any CPU = Release|Any CPU
	EndGlobalSection
	GlobalSection(ProjectConfigurationPlatforms) = postSolution
		{12E33E15-D125-4F00-ACFE-5156A0C6A40F}.Debug|Any CPU.ActiveCfg = Debug|Any CPU
		{12E33E15-D125-4F00-ACFE-5156A0C6A40F}.Debug|Any CPU.Build.0 = Debug|Any CPU
		{12E33E15-D125-4F00-ACFE-5156A0C6A40F}.Release|Any CPU.ActiveCfg = Release|Any CPU
		{12E33E15-D125-4F00-ACFE-5156A0C6A40F}.Release|Any CPU.Build.0 = Release|Any CPU
	EndGlobalSection
	GlobalSection(SolutionProperties) = preSolution
		HideSolutionNode = FALSE
	EndGlobalSection
	GlobalSection(ExtensibilityGlobals) = postSolution
		SolutionGuid = {A7A6E8B3-FDC7-49F0-AE98-CCCB1AD3EC6A}
	EndGlobalSection
EndGlobal
